
Microsoft Visual Studio Solution File, Format Version 12.00
# Visual Studio Version 16
VisualStudioVersion = 16.0.31515.178
MinimumVisualStudioVersion = 10.0.40219.1
Project("{9A19103F-16F7-4668-BE54-9A1E7A4F7556}") = "CoreDemo", "CoreDemo\CoreDemo.csproj", "{8073CC6C-06A8-452D-B870-12884CCD761E}"
EndProject
Project("{FAE04EC0-301F-11D3-BF4B-00C04F79EFBC}") = "EntityLayer", "EntityLayer\EntityLayer.csproj", "{42FBBB41-B91F-4FA0-B50A-D777A44279C2}"
EndProject
Project("{FAE04EC0-301F-11D3-BF4B-00C04F79EFBC}") = "DataAccessLayer", "DataAccessLayer\DataAccessLayer.csproj", "{98C82079-7CB0-4B33-B2ED-98CE8EC2484B}"
EndProject
Project("{FAE04EC0-301F-11D3-BF4B-00C04F79EFBC}") = "BusinessLayer", "BusinessLayer\BusinessLayer.csproj", "{FB4D223B-AE57-4600-A88A-E788F85CEC53}"
EndProject
Project("{FAE04EC0-301F-11D3-BF4B-00C04F79EFBC}") = "CoreLayer", "CoreLayer\CoreLayer.csproj", "{4CF2DC0A-CB22-410D-87C5-A62112981977}"
EndProject
Global
	GlobalSection(SolutionConfigurationPlatforms) = preSolution
		Debug|Any CPU = Debug|Any CPU
		Release|Any CPU = Release|Any CPU
	EndGlobalSection
	GlobalSection(ProjectConfigurationPlatforms) = postSolution
		{8073CC6C-06A8-452D-B870-12884CCD761E}.Debug|Any CPU.ActiveCfg = Debug|Any CPU
		{8073CC6C-06A8-452D-B870-12884CCD761E}.Debug|Any CPU.Build.0 = Debug|Any CPU
		{8073CC6C-06A8-452D-B870-12884CCD761E}.Release|Any CPU.ActiveCfg = Release|Any CPU
		{8073CC6C-06A8-452D-B870-12884CCD761E}.Release|Any CPU.Build.0 = Release|Any CPU
		{42FBBB41-B91F-4FA0-B50A-D777A44279C2}.Debug|Any CPU.ActiveCfg = Debug|Any CPU
		{42FBBB41-B91F-4FA0-B50A-D777A44279C2}.Debug|Any CPU.Build.0 = Debug|Any CPU
		{42FBBB41-B91F-4FA0-B50A-D777A44279C2}.Release|Any CPU.ActiveCfg = Release|Any CPU
		{42FBBB41-B91F-4FA0-B50A-D777A44279C2}.Release|Any CPU.Build.0 = Release|Any CPU
		{98C82079-7CB0-4B33-B2ED-98CE8EC2484B}.Debug|Any CPU.ActiveCfg = Debug|Any CPU
		{98C82079-7CB0-4B33-B2ED-98CE8EC2484B}.Debug|Any CPU.Build.0 = Debug|Any CPU
		{98C82079-7CB0-4B33-B2ED-98CE8EC2484B}.Release|Any CPU.ActiveCfg = Release|Any CPU
		{98C82079-7CB0-4B33-B2ED-98CE8EC2484B}.Release|Any CPU.Build.0 = Release|Any CPU
		{FB4D223B-AE57-4600-A88A-E788F85CEC53}.Debug|Any CPU.ActiveCfg = Debug|Any CPU
		{FB4D223B-AE57-4600-A88A-E788F85CEC53}.Debug|Any CPU.Build.0 = Debug|Any CPU
		{FB4D223B-AE57-4600-A88A-E788F85CEC53}.Release|Any CPU.ActiveCfg = Release|Any CPU
		{FB4D223B-AE57-4600-A88A-E788F85CEC53}.Release|Any CPU.Build.0 = Release|Any CPU
		{4CF2DC0A-CB22-410D-87C5-A62112981977}.Debug|Any CPU.ActiveCfg = Debug|Any CPU
		{4CF2DC0A-CB22-410D-87C5-A62112981977}.Debug|Any CPU.Build.0 = Debug|Any CPU
		{4CF2DC0A-CB22-410D-87C5-A62112981977}.Release|Any CPU.ActiveCfg = Release|Any CPU
		{4CF2DC0A-CB22-410D-87C5-A62112981977}.Release|Any CPU.Build.0 = Release|Any CPU
	EndGlobalSection
	GlobalSection(SolutionProperties) = preSolution
		HideSolutionNode = FALSE
	EndGlobalSection
	GlobalSection(ExtensibilityGlobals) = postSolution
		SolutionGuid = {7B52D8B3-5CEE-4639-8E7A-A076F8907145}
	EndGlobalSection
EndGlobal
