
Microsoft Visual Studio Solution File, Format Version 12.00
# Visual Studio Version 16
VisualStudioVersion = 16.0.31515.178
MinimumVisualStudioVersion = 10.0.40219.1
Project("{FAE04EC0-301F-11D3-BF4B-00C04F79EFBC}") = "CoreDemo", "CoreDemo\CoreDemo.csproj", "{8073CC6C-06A8-452D-B870-12884CCD761E}"
EndProject
Global
	GlobalSection(SolutionConfigurationPlatforms) = preSolution
		Debug|Any CPU = Debug|Any CPU
		Release|Any CPU = Release|Any CPU
	EndGlobalSection
	GlobalSection(ProjectConfigurationPlatforms) = postSolution
		{8073CC6C-06A8-452D-B870-12884CCD761E}.Debug|Any CPU.ActiveCfg = Debug|Any CPU
		{8073CC6C-06A8-452D-B870-12884CCD761E}.Debug|Any CPU.Build.0 = Debug|Any CPU
		{8073CC6C-06A8-452D-B870-12884CCD761E}.Release|Any CPU.ActiveCfg = Release|Any CPU
		{8073CC6C-06A8-452D-B870-12884CCD761E}.Release|Any CPU.Build.0 = Release|Any CPU
	EndGlobalSection
	GlobalSection(SolutionProperties) = preSolution
		HideSolutionNode = FALSE
	EndGlobalSection
	GlobalSection(ExtensibilityGlobals) = postSolution
		SolutionGuid = {7B52D8B3-5CEE-4639-8E7A-A076F8907145}
	EndGlobalSection
EndGlobal
